// !$*UTF8*$!
{
	archiveVersion = 1;
	classes = {
	};
	objectVersion = 46;
	objects = {

/* Begin PBXBuildFile section */
		98A5E5AE1EA4BACD00816314 /* main.m in Sources */ = {isa = PBXBuildFile; fileRef = 98A5E5AD1EA4BACD00816314 /* main.m */; };
		98A5E5B11EA4BACD00816314 /* AppDelegate.m in Sources */ = {isa = PBXBuildFile; fileRef = 98A5E5B01EA4BACD00816314 /* AppDelegate.m */; };
		98A5E5B41EA4BACD00816314 /* ViewController.m in Sources */ = {isa = PBXBuildFile; fileRef = 98A5E5B31EA4BACD00816314 /* ViewController.m */; };
		98A5E5B71EA4BACD00816314 /* Main.storyboard in Resources */ = {isa = PBXBuildFile; fileRef = 98A5E5B51EA4BACD00816314 /* Main.storyboard */; };
		98A5E5B91EA4BACD00816314 /* Assets.xcassets in Resources */ = {isa = PBXBuildFile; fileRef = 98A5E5B81EA4BACD00816314 /* Assets.xcassets */; };
		98A5E5BC1EA4BACD00816314 /* LaunchScreen.storyboard in Resources */ = {isa = PBXBuildFile; fileRef = 98A5E5BA1EA4BACD00816314 /* LaunchScreen.storyboard */; };
		98A5E5C51EA4BB0D00816314 /* SAProtocolManager.m in Sources */ = {isa = PBXBuildFile; fileRef = 98A5E5C41EA4BB0D00816314 /* SAProtocolManager.m */; };
/* End PBXBuildFile section */

/* Begin PBXFileReference section */
		98A5E5A91EA4BACD00816314 /* SAProtocolManager.app */ = {isa = PBXFileReference; explicitFileType = wrapper.application; includeInIndex = 0; path = SAProtocolManager.app; sourceTree = BUILT_PRODUCTS_DIR; };
		98A5E5AD1EA4BACD00816314 /* main.m */ = {isa = PBXFileReference; lastKnownFileType = sourcecode.c.objc; path = main.m; sourceTree = "<group>"; };
		98A5E5AF1EA4BACD00816314 /* AppDelegate.h */ = {isa = PBXFileReference; lastKnownFileType = sourcecode.c.h; path = AppDelegate.h; sourceTree = "<group>"; };
		98A5E5B01EA4BACD00816314 /* AppDelegate.m */ = {isa = PBXFileReference; lastKnownFileType = sourcecode.c.objc; path = AppDelegate.m; sourceTree = "<group>"; };
		98A5E5B21EA4BACD00816314 /* ViewController.h */ = {isa = PBXFileReference; lastKnownFileType = sourcecode.c.h; path = ViewController.h; sourceTree = "<group>"; };
		98A5E5B31EA4BACD00816314 /* ViewController.m */ = {isa = PBXFileReference; lastKnownFileType = sourcecode.c.objc; path = ViewController.m; sourceTree = "<group>"; };
		98A5E5B61EA4BACD00816314 /* Base */ = {isa = PBXFileReference; lastKnownFileType = file.storyboard; name = Base; path = Base.lproj/Main.storyboard; sourceTree = "<group>"; };
		98A5E5B81EA4BACD00816314 /* Assets.xcassets */ = {isa = PBXFileReference; lastKnownFileType = folder.assetcatalog; path = Assets.xcassets; sourceTree = "<group>"; };
		98A5E5BB1EA4BACD00816314 /* Base */ = {isa = PBXFileReference; lastKnownFileType = file.storyboard; name = Base; path = Base.lproj/LaunchScreen.storyboard; sourceTree = "<group>"; };
		98A5E5BD1EA4BACE00816314 /* Info.plist */ = {isa = PBXFileReference; lastKnownFileType = text.plist.xml; path = Info.plist; sourceTree = "<group>"; };
		98A5E5C31EA4BB0D00816314 /* SAProtocolManager.h */ = {isa = PBXFileReference; fileEncoding = 4; lastKnownFileType = sourcecode.c.h; path = SAProtocolManager.h; sourceTree = "<group>"; };
		98A5E5C41EA4BB0D00816314 /* SAProtocolManager.m */ = {isa = PBXFileReference; fileEncoding = 4; lastKnownFileType = sourcecode.c.objc; path = SAProtocolManager.m; sourceTree = "<group>"; };
/* End PBXFileReference section */

/* Begin PBXFrameworksBuildPhase section */
		98A5E5A61EA4BACD00816314 /* Frameworks */ = {
			isa = PBXFrameworksBuildPhase;
			buildActionMask = 2147483647;
			files = (
			);
			runOnlyForDeploymentPostprocessing = 0;
		};
/* End PBXFrameworksBuildPhase section */

/* Begin PBXGroup section */
		98A5E5A01EA4BACD00816314 = {
			isa = PBXGroup;
			children = (
				98A5E5EC1EA5C1E600816314 /* New Group */,
				98A5E5AA1EA4BACD00816314 /* Products */,
			);
			sourceTree = "<group>";
		};
		98A5E5AA1EA4BACD00816314 /* Products */ = {
			isa = PBXGroup;
			children = (
				98A5E5A91EA4BACD00816314 /* SAProtocolManager.app */,
			);
			name = Products;
			sourceTree = "<group>";
		};
		98A5E5AB1EA4BACD00816314 /* SAProtocolManager */ = {
			isa = PBXGroup;
			children = (
				98A5E5EB1EA5C19F00816314 /* SAProtocolManager */,
				98A5E5AF1EA4BACD00816314 /* AppDelegate.h */,
				98A5E5B01EA4BACD00816314 /* AppDelegate.m */,
				98A5E5B21EA4BACD00816314 /* ViewController.h */,
				98A5E5B31EA4BACD00816314 /* ViewController.m */,
				98A5E5B51EA4BACD00816314 /* Main.storyboard */,
				98A5E5B81EA4BACD00816314 /* Assets.xcassets */,
				98A5E5BA1EA4BACD00816314 /* LaunchScreen.storyboard */,
				98A5E5BD1EA4BACE00816314 /* Info.plist */,
				98A5E5AC1EA4BACD00816314 /* Supporting Files */,
			);
			path = SAProtocolManager;
			sourceTree = "<group>";
		};
		98A5E5AC1EA4BACD00816314 /* Supporting Files */ = {
			isa = PBXGroup;
			children = (
				98A5E5AD1EA4BACD00816314 /* main.m */,
			);
			name = "Supporting Files";
			sourceTree = "<group>";
		};
		98A5E5EB1EA5C19F00816314 /* SAProtocolManager */ = {
			isa = PBXGroup;
			children = (
				98A5E5C31EA4BB0D00816314 /* SAProtocolManager.h */,
				98A5E5C41EA4BB0D00816314 /* SAProtocolManager.m */,
			);
			name = SAProtocolManager;
			sourceTree = "<group>";
		};
		98A5E5EC1EA5C1E600816314 /* New Group */ = {
			isa = PBXGroup;
			children = (
				98A5E5AB1EA4BACD00816314 /* SAProtocolManager */,
			);
			name = "New Group";
			sourceTree = "<group>";
		};
/* End PBXGroup section */

/* Begin PBXNativeTarget section */
		98A5E5A81EA4BACD00816314 /* SAProtocolManager */ = {
			isa = PBXNativeTarget;
			buildConfigurationList = 98A5E5C01EA4BACE00816314 /* Build configuration list for PBXNativeTarget "SAProtocolManager" */;
			buildPhases = (
				98A5E5A51EA4BACD00816314 /* Sources */,
				98A5E5A61EA4BACD00816314 /* Frameworks */,
				98A5E5A71EA4BACD00816314 /* Resources */,
			);
			buildRules = (
			);
			dependencies = (
			);
			name = SAProtocolManager;
			productName = SAProtocolManager;
			productReference = 98A5E5A91EA4BACD00816314 /* SAProtocolManager.app */;
			productType = "com.apple.product-type.application";
		};
/* End PBXNativeTarget section */

/* Begin PBXProject section */
		98A5E5A11EA4BACD00816314 /* Project object */ = {
			isa = PBXProject;
			attributes = {
				LastUpgradeCheck = 0830;
				ORGANIZATIONNAME = sallen;
				TargetAttributes = {
					98A5E5A81EA4BACD00816314 = {
						CreatedOnToolsVersion = 8.3;
						ProvisioningStyle = Automatic;
					};
				};
			};
			buildConfigurationList = 98A5E5A41EA4BACD00816314 /* Build configuration list for PBXProject "SAProtocolManager" */;
			compatibilityVersion = "Xcode 3.2";
			developmentRegion = English;
			hasScannedForEncodings = 0;
			knownRegions = (
				en,
				Base,
			);
			mainGroup = 98A5E5A01EA4BACD00816314;
			productRefGroup = 98A5E5AA1EA4BACD00816314 /* Products */;
			projectDirPath = "";
			projectRoot = "";
			targets = (
				98A5E5A81EA4BACD00816314 /* SAProtocolManager */,
			);
		};
/* End PBXProject section */

/* Begin PBXResourcesBuildPhase section */
		98A5E5A71EA4BACD00816314 /* Resources */ = {
			isa = PBXResourcesBuildPhase;
			buildActionMask = 2147483647;
			files = (
				98A5E5BC1EA4BACD00816314 /* LaunchScreen.storyboard in Resources */,
				98A5E5B91EA4BACD00816314 /* Assets.xcassets in Resources */,
				98A5E5B71EA4BACD00816314 /* Main.storyboard in Resources */,
			);
			runOnlyForDeploymentPostprocessing = 0;
		};
/* End PBXResourcesBuildPhase section */

/* Begin PBXSourcesBuildPhase section */
		98A5E5A51EA4BACD00816314 /* Sources */ = {
			isa = PBXSourcesBuildPhase;
			buildActionMask = 2147483647;
			files = (
				98A5E5B41EA4BACD00816314 /* ViewController.m in Sources */,
				98A5E5B11EA4BACD00816314 /* AppDelegate.m in Sources */,
				98A5E5AE1EA4BACD00816314 /* main.m in Sources */,
				98A5E5C51EA4BB0D00816314 /* SAProtocolManager.m in Sources */,
			);
			runOnlyForDeploymentPostprocessing = 0;
		};
/* End PBXSourcesBuildPhase section */

/* Begin PBXVariantGroup section */
		98A5E5B51EA4BACD00816314 /* Main.storyboard */ = {
			isa = PBXVariantGroup;
			children = (
				98A5E5B61EA4BACD00816314 /* Base */,
			);
			name = Main.storyboard;
			sourceTree = "<group>";
		};
		98A5E5BA1EA4BACD00816314 /* LaunchScreen.storyboard */ = {
			isa = PBXVariantGroup;
			children = (
				98A5E5BB1EA4BACD00816314 /* Base */,
			);
			name = LaunchScreen.storyboard;
			sourceTree = "<group>";
		};
/* End PBXVariantGroup section */

/* Begin XCBuildConfiguration section */
		98A5E5BE1EA4BACE00816314 /* Debug */ = {
			isa = XCBuildConfiguration;
			buildSettings = {
				ALWAYS_SEARCH_USER_PATHS = NO;
				CLANG_ANALYZER_NONNULL = YES;
				CLANG_ANALYZER_NUMBER_OBJECT_CONVERSION = YES_AGGRESSIVE;
				CLANG_CXX_LANGUAGE_STANDARD = "gnu++0x";
				CLANG_CXX_LIBRARY = "libc++";
				CLANG_ENABLE_MODULES = YES;
				CLANG_ENABLE_OBJC_ARC = YES;
				CLANG_WARN_BOOL_CONVERSION = YES;
				CLANG_WARN_CONSTANT_CONVERSION = YES;
				CLANG_WARN_DIRECT_OBJC_ISA_USAGE = YES_ERROR;
				CLANG_WARN_DOCUMENTATION_COMMENTS = YES;
				CLANG_WARN_EMPTY_BODY = YES;
				CLANG_WARN_ENUM_CONVERSION = YES;
				CLANG_WARN_INFINITE_RECURSION = YES;
				CLANG_WARN_INT_CONVERSION = YES;
				CLANG_WARN_OBJC_ROOT_CLASS = YES_ERROR;
				CLANG_WARN_SUSPICIOUS_MOVE = YES;
				CLANG_WARN_UNREACHABLE_CODE = YES;
				CLANG_WARN__DUPLICATE_METHOD_MATCH = YES;
				"CODE_SIGN_IDENTITY[sdk=iphoneos*]" = "iPhone Developer";
				COPY_PHASE_STRIP = NO;
				DEBUG_INFORMATION_FORMAT = dwarf;
				ENABLE_STRICT_OBJC_MSGSEND = YES;
				ENABLE_TESTABILITY = YES;
				GCC_C_LANGUAGE_STANDARD = gnu99;
				GCC_DYNAMIC_NO_PIC = NO;
				GCC_NO_COMMON_BLOCKS = YES;
				GCC_OPTIMIZATION_LEVEL = 0;
				GCC_PREPROCESSOR_DEFINITIONS = (
					"DEBUG=1",
					"$(inherited)",
				);
				GCC_WARN_64_TO_32_BIT_CONVERSION = YES;
				GCC_WARN_ABOUT_RETURN_TYPE = YES_ERROR;
				GCC_WARN_UNDECLARED_SELECTOR = YES;
				GCC_WARN_UNINITIALIZED_AUTOS = YES_AGGRESSIVE;
				GCC_WARN_UNUSED_FUNCTION = YES;
				GCC_WARN_UNUSED_VARIABLE = YES;
				IPHONEOS_DEPLOYMENT_TARGET = 10.3;
				MTL_ENABLE_DEBUG_INFO = YES;
				ONLY_ACTIVE_ARCH = YES;
				SDKROOT = iphoneos;
				TARGETED_DEVICE_FAMILY = "1,2";
			};
			name = Debug;
		};
		98A5E5BF1EA4BACE00816314 /* Release */ = {
			isa = XCBuildConfiguration;
			buildSettings = {
				ALWAYS_SEARCH_USER_PATHS = NO;
				CLANG_ANALYZER_NONNULL = YES;
				CLANG_ANALYZER_NUMBER_OBJECT_CONVERSION = YES_AGGRESSIVE;
				CLANG_CXX_LANGUAGE_STANDARD = "gnu++0x";
				CLANG_CXX_LIBRARY = "libc++";
				CLANG_ENABLE_MODULES = YES;
				CLANG_ENABLE_OBJC_ARC = YES;
				CLANG_WARN_BOOL_CONVERSION = YES;
				CLANG_WARN_CONSTANT_CONVERSION = YES;
				CLANG_WARN_DIRECT_OBJC_ISA_USAGE = YES_ERROR;
				CLANG_WARN_DOCUMENTATION_COMMENTS = YES;
				CLANG_WARN_EMPTY_BODY = YES;
				CLANG_WARN_ENUM_CONVERSION = YES;
				CLANG_WARN_INFINITE_RECURSION = YES;
				CLANG_WARN_INT_CONVERSION = YES;
				CLANG_WARN_OBJC_ROOT_CLASS = YES_ERROR;
				CLANG_WARN_SUSPICIOUS_MOVE = YES;
				CLANG_WARN_UNREACHABLE_CODE = YES;
				CLANG_WARN__DUPLICATE_METHOD_MATCH = YES;
				"CODE_SIGN_IDENTITY[sdk=iphoneos*]" = "iPhone Developer";
				COPY_PHASE_STRIP = NO;
				DEBUG_INFORMATION_FORMAT = "dwarf-with-dsym";
				ENABLE_NS_ASSERTIONS = NO;
				ENABLE_STRICT_OBJC_MSGSEND = YES;
				GCC_C_LANGUAGE_STANDARD = gnu99;
				GCC_NO_COMMON_BLOCKS = YES;
				GCC_WARN_64_TO_32_BIT_CONVERSION = YES;
				GCC_WARN_ABOUT_RETURN_TYPE = YES_ERROR;
				GCC_WARN_UNDECLARED_SELECTOR = YES;
				GCC_WARN_UNINITIALIZED_AUTOS = YES_AGGRESSIVE;
				GCC_WARN_UNUSED_FUNCTION = YES;
				GCC_WARN_UNUSED_VARIABLE = YES;
				IPHONEOS_DEPLOYMENT_TARGET = 10.3;
				MTL_ENABLE_DEBUG_INFO = NO;
				SDKROOT = iphoneos;
				TARGETED_DEVICE_FAMILY = "1,2";
				VALIDATE_PRODUCT = YES;
			};
			name = Release;
		};
		98A5E5C11EA4BACE00816314 /* Debug */ = {
			isa = XCBuildConfiguration;
			buildSettings = {
				ASSETCATALOG_COMPILER_APPICON_NAME = AppIcon;
				INFOPLIST_FILE = SAProtocolManager/Info.plist;
				IPHONEOS_DEPLOYMENT_TARGET = 8.0;
				LD_RUNPATH_SEARCH_PATHS = "$(inherited) @executable_path/Frameworks";
				PRODUCT_BUNDLE_IDENTIFIER = com.sallen.SAProtocolManager;
				PRODUCT_NAME = "$(TARGET_NAME)";
			};
			name = Debug;
		};
		98A5E5C21EA4BACE00816314 /* Release */ = {
			isa = XCBuildConfiguration;
			buildSettings = {
				ASSETCATALOG_COMPILER_APPICON_NAME = AppIcon;
				INFOPLIST_FILE = SAProtocolManager/Info.plist;
				IPHONEOS_DEPLOYMENT_TARGET = 8.0;
				LD_RUNPATH_SEARCH_PATHS = "$(inherited) @executable_path/Frameworks";
				PRODUCT_BUNDLE_IDENTIFIER = com.sallen.SAProtocolManager;
				PRODUCT_NAME = "$(TARGET_NAME)";
			};
			name = Release;
		};
/* End XCBuildConfiguration section */

/* Begin XCConfigurationList section */
		98A5E5A41EA4BACD00816314 /* Build configuration list for PBXProject "SAProtocolManager" */ = {
			isa = XCConfigurationList;
			buildConfigurations = (
				98A5E5BE1EA4BACE00816314 /* Debug */,
				98A5E5BF1EA4BACE00816314 /* Release */,
			);
			defaultConfigurationIsVisible = 0;
			defaultConfigurationName = Release;
		};
		98A5E5C01EA4BACE00816314 /* Build configuration list for PBXNativeTarget "SAProtocolManager" */ = {
			isa = XCConfigurationList;
			buildConfigurations = (
				98A5E5C11EA4BACE00816314 /* Debug */,
				98A5E5C21EA4BACE00816314 /* Release */,
			);
			defaultConfigurationIsVisible = 0;
			defaultConfigurationName = Release;
		};
/* End XCConfigurationList section */
	};
	rootObject = 98A5E5A11EA4BACD00816314 /* Project object */;
}
